# This file is automatically @generated by Cargo.
# It is not intended for manual editing.
version = 4

[[package]]
name = "sipr"
version = "0.1.0"
dependencies = [
 "sipr-scenario",
]

[[package]]
name = "sipr-auth"
version = "0.1.0"

[[package]]
name = "sipr-engine"
version = "0.1.0"

[[package]]
name = "sipr-net"
version = "0.1.0"

[[package]]
name = "sipr-scenario"
version = "0.1.0"

[[package]]
name = "sipr-stats"
version = "0.1.0"

[[package]]
name = "sipr-tui"
version = "0.1.0"
