# This file is automatically @generated by Cargo.
# It is not intended for manual editing.
version = 4

[[package]]
name = "sipr"
version = "0.1.1"
dependencies = [
 "sipr-auth",
 "sipr-engine",
 "sipr-net",
 "sipr-scenario",
 "sipr-stats",
 "sipr-tui",
]

[[package]]
name = "sipr-auth"
version = "0.1.1"

[[package]]
name = "sipr-engine"
version = "0.1.1"
dependencies = [
 "sipr-auth",
 "sipr-net",
 "sipr-scenario",
 "sipr-stats",
]

[[package]]
name = "sipr-net"
version = "0.1.1"

[[package]]
name = "sipr-scenario"
version = "0.1.1"

[[package]]
name = "sipr-stats"
version = "0.1.1"

[[package]]
name = "sipr-tui"
version = "0.1.1"
dependencies = [
 "sipr-stats",
]
